
# cargo-vet imports lock

[[publisher.getopts]]
version = "0.2.24"
when = "2025-08-29"
user-id = 55123
user-login = "rust-lang-owner"

[[publisher.hashbrown]]
version = "0.16.1"
when = "2025-11-20"
user-id = 55123
user-login = "rust-lang-owner"

[[publisher.itoa]]
version = "1.0.18"
when = "2026-03-20"
user-id = 3618
user-login = "dtolnay"
user-name = "David Tolnay"

[[publisher.libc]]
version = "0.2.186"
when = "2026-04-23"
user-id = 55123
user-login = "rust-lang-owner"

[[publisher.linux-raw-sys]]
version = "0.12.1"
when = "2025-12-23"
user-id = 6825
user-login = "sunfishcode"
user-name = "Dan Gohman"

[[publisher.lock_api]]
version = "0.4.14"
when = "2025-10-03"
user-id = 2915
user-login = "Amanieu"
user-name = "Amanieu d'Antras"

[[publisher.memchr]]
version = "2.8.0"
when = "2026-02-06"
user-id = 189
user-login = "BurntSushi"
user-name = "Andrew Gallant"

[[publisher.mio]]
version = "1.2.0"
when = "2026-03-27"
user-id = 6025
user-login = "Thomasdezeeuw"
user-name = "Thomas de Zeeuw"

[[publisher.parking_lot]]
version = "0.12.5"
when = "2025-10-03"
user-id = 2915
user-login = "Amanieu"
user-name = "Amanieu d'Antras"

[[publisher.parking_lot_core]]
version = "0.9.12"
when = "2025-10-03"
user-id = 2915
user-login = "Amanieu"
user-name = "Amanieu d'Antras"

[[publisher.proc-macro2]]
version = "1.0.106"
when = "2026-01-21"
user-id = 3618
user-login = "dtolnay"
user-name = "David Tolnay"

[[publisher.quote]]
version = "1.0.45"
when = "2026-03-03"
user-id = 3618
user-login = "dtolnay"
user-name = "David Tolnay"

[[publisher.rustix]]
version = "1.1.4"
when = "2026-02-22"
user-id = 6825
user-login = "sunfishcode"
user-name = "Dan Gohman"

[[publisher.scopeguard]]
version = "1.2.0"
when = "2023-07-17"
user-id = 2915
user-login = "Amanieu"
user-name = "Amanieu d'Antras"

[[publisher.serde]]
version = "1.0.219"
when = "2025-03-09"
user-id = 3618
user-login = "dtolnay"
user-name = "David Tolnay"

[[publisher.serde_derive]]
version = "1.0.219"
when = "2025-03-09"
user-id = 3618
user-login = "dtolnay"
user-name = "David Tolnay"

[[publisher.serde_json]]
version = "1.0.149"
when = "2026-01-06"
user-id = 3618
user-login = "dtolnay"
user-name = "David Tolnay"

[[publisher.serde_spanned]]
version = "1.0.4"
when = "2025-12-17"
user-id = 6743
user-login = "epage"
user-name = "Ed Page"

[[publisher.smallvec]]
version = "1.14.0"
when = "2025-02-15"
user-id = 2017
user-login = "mbrubeck"
user-name = "Matt Brubeck"

[[publisher.socket2]]
version = "0.6.3"
when = "2026-03-06"
user-id = 6025
user-login = "Thomasdezeeuw"
user-name = "Thomas de Zeeuw"

[[publisher.syn]]
version = "2.0.117"
when = "2026-02-20"
user-id = 3618
user-login = "dtolnay"
user-name = "David Tolnay"

[[publisher.thiserror]]
version = "2.0.18"
when = "2026-01-18"
user-id = 3618
user-login = "dtolnay"
user-name = "David Tolnay"

[[publisher.thiserror-impl]]
version = "2.0.18"
when = "2026-01-18"
user-id = 3618
user-login = "dtolnay"
user-name = "David Tolnay"

[[publisher.tokio]]
version = "1.52.3"
when = "2026-05-08"
user-id = 6741
user-login = "Darksonn"
user-name = "Alice Ryhl"

[[publisher.tokio-macros]]
version = "2.7.0"
when = "2026-04-03"
user-id = 6741
user-login = "Darksonn"
user-name = "Alice Ryhl"

[[publisher.toml]]
version = "1.0.7+spec-1.1.0"
when = "2026-03-17"
user-id = 6743
user-login = "epage"
user-name = "Ed Page"

[[publisher.toml_datetime]]
version = "1.0.1+spec-1.1.0"
when = "2026-03-17"
user-id = 6743
user-login = "epage"
user-name = "Ed Page"

[[publisher.toml_parser]]
version = "1.0.10+spec-1.1.0"
when = "2026-03-17"
user-id = 6743
user-login = "epage"
user-name = "Ed Page"

[[publisher.toml_writer]]
version = "1.0.7+spec-1.1.0"
when = "2026-03-17"
user-id = 6743
user-login = "epage"
user-name = "Ed Page"

[[publisher.unicode-ident]]
version = "1.0.24"
when = "2026-02-16"
user-id = 3618
user-login = "dtolnay"
user-name = "David Tolnay"

[[publisher.unicode-width]]
version = "0.2.2"
when = "2025-10-06"
user-id = 1139
user-login = "Manishearth"
user-name = "Manish Goregaokar"

[[publisher.wasi]]
version = "0.11.0+wasi-snapshot-preview1"
when = "2022-01-19"
user-id = 1
user-login = "alexcrichton"
user-name = "Alex Crichton"

[[publisher.wasip2]]
version = "1.0.3+wasi-0.2.9"
when = "2026-04-17"
user-id = 1
user-login = "alexcrichton"
user-name = "Alex Crichton"

[[publisher.windows-sys]]
version = "0.61.2"
when = "2025-10-06"
user-id = 64539
user-login = "kennykerr"
user-name = "Kenny Kerr"

[[publisher.winnow]]
version = "1.0.2"
when = "2026-04-21"
user-id = 6743
user-login = "epage"
user-name = "Ed Page"

[[publisher.wit-bindgen]]
version = "0.57.1"
when = "2026-04-17"
trusted-publisher = "github:bytecodealliance/wit-bindgen"

[[publisher.xash3d-admin]]
version = "0.2.0"
when = "2024-08-29"
user-id = 251561
user-login = "numas13"
user-name = "Denis Drakhnia"

[[publisher.xash3d-master]]
version = "0.2.1"
when = "2024-09-24"
user-id = 251561
user-login = "numas13"
user-name = "Denis Drakhnia"

[[publisher.xash3d-protocol]]
version = "0.2.0"
when = "2024-08-29"
user-id = 251561
user-login = "numas13"
user-name = "Denis Drakhnia"

[[publisher.xash3d-query]]
version = "0.2.0"
when = "2024-08-29"
user-id = 251561
user-login = "numas13"
user-name = "Denis Drakhnia"

[[publisher.zerocopy]]
version = "0.8.48"
when = "2026-03-28"
user-id = 7178
user-login = "joshlf"
user-name = "Joshua Liebow-Feeser"

[[publisher.zerocopy-derive]]
version = "0.8.48"
when = "2026-03-28"
user-id = 7178
user-login = "joshlf"
user-name = "Joshua Liebow-Feeser"

[[publisher.zmij]]
version = "1.0.21"
when = "2026-02-12"
user-id = 3618
user-login = "dtolnay"
user-name = "David Tolnay"

[[audits.bytecode-alliance.wildcard-audits.wasip2]]
who = "Alex Crichton <alex@alexcrichton.com>"
criteria = "safe-to-deploy"
user-id = 1 # Alex Crichton (alexcrichton)
start = "2025-08-10"
end = "2026-08-21"
notes = """
This is a Bytecode Alliance authored crate.
"""

[[audits.bytecode-alliance.wildcard-audits.wit-bindgen]]
who = "Alex Crichton <alex@alexcrichton.com>"
criteria = "safe-to-deploy"
trusted-publisher = "github:bytecodealliance/wit-bindgen"
start = "2025-08-13"
end = "2027-01-08"
notes = "The Bytecode Alliance is the author of this crate"

[[audits.bytecode-alliance.audits.ahash]]
who = "Chris Fallin <chris@cfallin.org>"
criteria = "safe-to-deploy"
delta = "0.7.6 -> 0.8.2"

[[audits.bytecode-alliance.audits.ahash]]
who = "Alex Crichton <alex@alexcrichton.com>"
criteria = "safe-to-deploy"
delta = "0.8.2 -> 0.8.7"
notes = """
Shuffling of features in this update and while there are updates to `unsafe`
code it's no different than before and the usage remains the same.
"""

[[audits.bytecode-alliance.audits.arrayref]]
who = "Nick Fitzgerald <fitzgen@gmail.com>"
criteria = "safe-to-deploy"
version = "0.3.6"
notes = """
Unsafe code, but its logic looks good to me. Necessary given what it is
doing. Well tested, has quickchecks.
"""

[[audits.bytecode-alliance.audits.bitflags]]
who = "Jamey Sharp <jsharp@fastly.com>"
criteria = "safe-to-deploy"
delta = "2.1.0 -> 2.2.1"
notes = """
This version adds unsafe impls of traits from the bytemuck crate when built
with that library enabled, but I believe the impls satisfy the documented
safety requirements for bytemuck. The other changes are minor.
"""

[[audits.bytecode-alliance.audits.bitflags]]
who = "Alex Crichton <alex@alexcrichton.com>"
criteria = "safe-to-deploy"
delta = "2.3.2 -> 2.3.3"
notes = """
Nothing outside the realm of what one would expect from a bitflags generator,
all as expected.
"""

[[audits.bytecode-alliance.audits.bitflags]]
who = "Alex Crichton <alex@alexcrichton.com>"
criteria = "safe-to-deploy"
delta = "2.4.1 -> 2.6.0"
notes = """
Changes in how macros are invoked and various bits and pieces of macro-fu.
Otherwise no major changes and nothing dealing with `unsafe`.
"""

[[audits.bytecode-alliance.audits.bitflags]]
who = "Alex Crichton <alex@alexcrichton.com>"
criteria = "safe-to-deploy"
delta = "2.7.0 -> 2.9.4"
notes = "Tweaks to the macro, nothing out of order."

[[audits.bytecode-alliance.audits.bitflags]]
who = "Alex Crichton <alex@alexcrichton.com>"
criteria = "safe-to-deploy"
delta = "2.10.0 -> 2.11.1"
notes = "Minor updates, nothing awry here."

[[audits.bytecode-alliance.audits.cfg-if]]
who = "Alex Crichton <alex@alexcrichton.com>"
criteria = "safe-to-deploy"
version = "1.0.0"
notes = "I am the author of this crate."

[[audits.bytecode-alliance.audits.constant_time_eq]]
who = "Nick Fitzgerald <fitzgen@gmail.com>"
criteria = "safe-to-deploy"
version = "0.2.4"
notes = "A few tiny blocks of `unsafe` but each of them is very obviously correct."

[[audits.bytecode-alliance.audits.errno]]
who = "Dan Gohman <dev@sunfishcode.online>"
criteria = "safe-to-deploy"
version = "0.3.0"
notes = "This crate uses libc and windows-sys APIs to get and set the raw OS error value."

[[audits.bytecode-alliance.audits.errno]]
who = "Dan Gohman <dev@sunfishcode.online>"
criteria = "safe-to-deploy"
delta = "0.3.0 -> 0.3.1"
notes = "Just a dependency version bump and a bug fix for redox"

[[audits.bytecode-alliance.audits.errno]]
who = "Dan Gohman <dev@sunfishcode.online>"
criteria = "safe-to-deploy"
delta = "0.3.9 -> 0.3.10"

[[audits.bytecode-alliance.audits.fastrand]]
who = "Alex Crichton <alex@alexcrichton.com>"
criteria = "safe-to-deploy"
delta = "2.0.0 -> 2.0.1"
notes = """
This update had a few doc updates but no otherwise-substantial source code
updates.
"""

[[audits.bytecode-alliance.audits.pin-project-lite]]
who = "Alex Crichton <alex@alexcrichton.com>"
criteria = "safe-to-deploy"
delta = "0.2.13 -> 0.2.14"
notes = "No substantive changes in this update"

[[audits.bytecode-alliance.audits.signal-hook-registry]]
who = "Pat Hickey <phickey@fastly.com>"
criteria = "safe-to-deploy"
version = "1.4.1"

[audits.embark-studios.audits]

[[audits.google.audits.arrayvec]]
who = "Lukasz Anforowicz <lukasza@chromium.org>"
criteria = "safe-to-deploy"
version = "0.7.6"
notes = '''
Grepped for `-i cipher`, `-i crypto`, `'\bfs\b'`, `'\bnet\b'` and there were
no hits, except for some `net` usage in tests.

The crate has quite a few bits of `unsafe` Rust.  The audit comments can be
found in https://chromium-review.googlesource.com/c/chromium/src/+/6187726/2
'''
aggregated-from = "https://chromium.googlesource.com/chromium/src/+/main/third_party/rust/chromium_crates_io/supply-chain/audits.toml?format=TEXT"

[[audits.google.audits.bitflags]]
who = "Lukasz Anforowicz <lukasza@chromium.org>"
criteria = "safe-to-deploy"
version = "1.3.2"
notes = """
Security review of earlier versions of the crate can be found at
(Google-internal, sorry): go/image-crate-chromium-security-review

The crate exposes a function marked as `unsafe`, but doesn't use any
`unsafe` blocks (except for tests of the single `unsafe` function).  I
think this justifies marking this crate as `ub-risk-1`.

Additional review comments can be found at https://crrev.com/c/4723145/31
"""
aggregated-from = "https://chromium.googlesource.com/chromium/src/+/main/third_party/rust/chromium_crates_io/supply-chain/audits.toml?format=TEXT"

[[audits.google.audits.equivalent]]
who = "George Burgess IV <gbiv@google.com>"
criteria = "safe-to-deploy"
version = "1.0.1"
aggregated-from = "https://chromium.googlesource.com/chromiumos/third_party/rust_crates/+/refs/heads/main/cargo-vet/audits.toml?format=TEXT"

[[audits.google.audits.equivalent]]
who = "Jonathan Hao <phao@chromium.org>"
criteria = "safe-to-deploy"
delta = "1.0.1 -> 1.0.2"
notes = "No changes to any .rs files or Rust code."
aggregated-from = "https://chromium.googlesource.com/chromium/src/+/main/third_party/rust/chromium_crates_io/supply-chain/audits.toml?format=TEXT"

[[audits.google.audits.fastrand]]
who = "George Burgess IV <gbiv@google.com>"
criteria = "safe-to-deploy"
version = "1.9.0"
notes = """
`does-not-implement-crypto` is certified because this crate explicitly says
that the RNG here is not cryptographically secure.
"""
aggregated-from = "https://chromium.googlesource.com/chromiumos/third_party/rust_crates/+/refs/heads/main/cargo-vet/audits.toml?format=TEXT"

[[audits.google.audits.getrandom]]
who = "David Koloski <dkoloski@google.com>"
criteria = "safe-to-deploy"
delta = "0.2.2 -> 0.2.12"
notes = "Audited at https://fxrev.dev/932979"
aggregated-from = "https://fuchsia.googlesource.com/fuchsia/+/refs/heads/main/third_party/rust_crates/supply-chain/audits.toml?format=TEXT"

[[audits.google.audits.indexmap]]
who = "Lukasz Anforowicz <lukasza@chromium.org>"
criteria = "safe-to-deploy"
version = "2.7.1"
notes = '''
Grepped for `-i cipher`, `-i crypto`, `'\bfs\b'`, `'\bnet\b'`
and there were no hits.

There is a little bit of `unsafe` Rust code - the audit can be found at
https://chromium-review.googlesource.com/c/chromium/src/+/6187726/2
'''
aggregated-from = "https://chromium.googlesource.com/chromium/src/+/main/third_party/rust/chromium_crates_io/supply-chain/audits.toml?format=TEXT"

[[audits.google.audits.indexmap]]
who = "Lukasz Anforowicz <lukasza@chromium.org>"
criteria = "safe-to-deploy"
delta = "2.7.1 -> 2.8.0"
notes = """
No `unsafe` introduced or affected in:
* `indexmap_with_default!` and `indexset_with_default!` macros
* New `PartialEq` implementations
* `fn slice_eq` in `util.rs`
"""
aggregated-from = "https://chromium.googlesource.com/chromium/src/+/main/third_party/rust/chromium_crates_io/supply-chain/audits.toml?format=TEXT"

[[audits.google.audits.log]]
who = "danakj <danakj@chromium.org>"
criteria = "safe-to-deploy"
version = "0.4.22"
notes = """
Unsafe review in https://docs.google.com/document/d/1IXQbD1GhTRqNHIGxq6yy7qHqxeO4CwN5noMFXnqyDIM/edit?usp=sharing

Unsafety is generally very well-documented, with one exception, which we
describe in the review doc.
"""
aggregated-from = "https://chromium.googlesource.com/chromium/src/+/main/third_party/rust/chromium_crates_io/supply-chain/audits.toml?format=TEXT"

[[audits.google.audits.log]]
who = "Lukasz Anforowicz <lukasza@chromium.org>"
criteria = "safe-to-deploy"
delta = "0.4.22 -> 0.4.25"
notes = "No impact on `unsafe` usage in `lib.rs`."
aggregated-from = "https://chromium.googlesource.com/chromium/src/+/main/third_party/rust/chromium_crates_io/supply-chain/audits.toml?format=TEXT"

[[audits.google.audits.pin-project-lite]]
who = "David Koloski <dkoloski@google.com>"
criteria = "safe-to-deploy"
version = "0.2.9"
notes = "Reviewed on https://fxrev.dev/824504"
aggregated-from = "https://fuchsia.googlesource.com/fuchsia/+/refs/heads/main/third_party/rust_crates/supply-chain/audits.toml?format=TEXT"

[[audits.google.audits.pin-project-lite]]
who = "David Koloski <dkoloski@google.com>"
criteria = "safe-to-deploy"
delta = "0.2.9 -> 0.2.13"
notes = "Audited at https://fxrev.dev/946396"
aggregated-from = "https://fuchsia.googlesource.com/fuchsia/+/refs/heads/main/third_party/rust_crates/supply-chain/audits.toml?format=TEXT"

[[audits.google.audits.version_check]]
who = "George Burgess IV <gbiv@google.com>"
criteria = "safe-to-deploy"
version = "0.9.4"
aggregated-from = "https://chromium.googlesource.com/chromiumos/third_party/rust_crates/+/refs/heads/main/cargo-vet/audits.toml?format=TEXT"

[[audits.isrg.audits.cfg-if]]
who = "David Cook <dcook@divviup.org>"
criteria = "safe-to-deploy"
delta = "1.0.0 -> 1.0.1"

[[audits.isrg.audits.cfg-if]]
who = "J.C. Jones <jc@divviup.org>"
criteria = "safe-to-deploy"
delta = "1.0.1 -> 1.0.3"

[[audits.isrg.audits.cfg-if]]
who = "David Cook <dcook@divviup.org>"
criteria = "safe-to-deploy"
delta = "1.0.3 -> 1.0.4"

[[audits.isrg.audits.getrandom]]
who = "David Cook <dcook@divviup.org>"
criteria = "safe-to-deploy"
delta = "0.2.12 -> 0.2.14"

[[audits.isrg.audits.getrandom]]
who = "David Cook <dcook@divviup.org>"
criteria = "safe-to-deploy"
delta = "0.2.14 -> 0.2.15"

[[audits.isrg.audits.getrandom]]
who = "David Cook <dcook@divviup.org>"
criteria = "safe-to-deploy"
delta = "0.3.3 -> 0.3.4"

[[audits.isrg.audits.once_cell]]
who = "Brandon Pitman <bran@bran.land>"
criteria = "safe-to-deploy"
delta = "1.17.1 -> 1.17.2"

[[audits.isrg.audits.once_cell]]
who = "David Cook <dcook@divviup.org>"
criteria = "safe-to-deploy"
delta = "1.17.2 -> 1.18.0"

[[audits.isrg.audits.once_cell]]
who = "Brandon Pitman <bran@bran.land>"
criteria = "safe-to-deploy"
delta = "1.18.0 -> 1.19.0"

[[audits.isrg.audits.once_cell]]
who = "David Cook <dcook@divviup.org>"
criteria = "safe-to-deploy"
delta = "1.19.0 -> 1.20.1"

[[audits.isrg.audits.once_cell]]
who = "J.C. Jones <jc@insufficient.coffee>"
criteria = "safe-to-deploy"
delta = "1.21.1 -> 1.21.3"
notes = "The unsafe code has moved from `compare_exchange` to a new `init` function, which makes it easier to reason about."

[[audits.isrg.audits.once_cell]]
who = "J.C. Jones <jc@divviup.org>"
criteria = "safe-to-deploy"
delta = "1.21.3 -> 1.21.4"
notes = "The addition is a safe while loop around prior behavior. I don't see any way for that to become malicious."

[[audits.isrg.audits.serde]]
who = "J.C. Jones <jc@divviup.org>"
criteria = "safe-to-deploy"
delta = "1.0.219 -> 1.0.224"

[[audits.isrg.audits.serde]]
who = "J.C. Jones <jc@divviup.org>"
criteria = "safe-to-deploy"
delta = "1.0.224 -> 1.0.225"

[[audits.isrg.audits.serde]]
who = "Tim Geoghegan <timg@divviup.org>"
criteria = "safe-to-deploy"
delta = "1.0.225 -> 1.0.226"

[[audits.isrg.audits.serde_core]]
who = "J.C. Jones <jc@divviup.org>"
criteria = "safe-to-deploy"
version = "1.0.224"

[[audits.isrg.audits.serde_core]]
who = "J.C. Jones <jc@divviup.org>"
criteria = "safe-to-deploy"
delta = "1.0.224 -> 1.0.225"

[[audits.isrg.audits.serde_core]]
who = "Tim Geoghegan <timg@divviup.org>"
criteria = "safe-to-deploy"
delta = "1.0.225 -> 1.0.226"

[[audits.isrg.audits.serde_derive]]
who = "J.C. Jones <jc@divviup.org>"
criteria = "safe-to-deploy"
delta = "1.0.219 -> 1.0.224"

[[audits.isrg.audits.serde_derive]]
who = "J.C. Jones <jc@divviup.org>"
criteria = "safe-to-deploy"
delta = "1.0.224 -> 1.0.225"

[[audits.isrg.audits.serde_derive]]
who = "Tim Geoghegan <timg@divviup.org>"
criteria = "safe-to-deploy"
delta = "1.0.225 -> 1.0.226"

[[audits.mozilla.wildcard-audits.unicode-width]]
who = "Manish Goregaokar <manishsmail@gmail.com>"
criteria = "safe-to-deploy"
user-id = 1139 # Manish Goregaokar (Manishearth)
start = "2019-12-05"
end = "2026-02-01"
notes = "All code written or reviewed by Manish"
aggregated-from = "https://hg.mozilla.org/mozilla-central/raw-file/tip/supply-chain/audits.toml"

[[audits.mozilla.audits.ahash]]
who = "Erich Gubler <erichdongubler@gmail.com>"
criteria = "safe-to-deploy"
delta = "0.8.7 -> 0.8.11"
aggregated-from = "https://hg.mozilla.org/mozilla-central/raw-file/tip/supply-chain/audits.toml"

[[audits.mozilla.audits.bitflags]]
who = "Alex Franchuk <afranchuk@mozilla.com>"
criteria = "safe-to-deploy"
delta = "1.3.2 -> 2.0.2"
notes = "Removal of some unsafe code/methods. No changes to externals, just some refactoring (mostly internal)."
aggregated-from = "https://hg.mozilla.org/mozilla-central/raw-file/tip/supply-chain/audits.toml"

[[audits.mozilla.audits.bitflags]]
who = "Nicolas Silva <nical@fastmail.com>"
criteria = "safe-to-deploy"
delta = "2.0.2 -> 2.1.0"
aggregated-from = "https://hg.mozilla.org/mozilla-central/raw-file/tip/supply-chain/audits.toml"

[[audits.mozilla.audits.bitflags]]
who = "Teodor Tanasoaia <ttanasoaia@mozilla.com>"
criteria = "safe-to-deploy"
delta = "2.2.1 -> 2.3.2"
aggregated-from = "https://hg.mozilla.org/mozilla-central/raw-file/tip/supply-chain/audits.toml"

[[audits.mozilla.audits.bitflags]]
who = "Mike Hommey <mh+mozilla@glandium.org>"
criteria = "safe-to-deploy"
delta = "2.3.3 -> 2.4.0"
aggregated-from = "https://hg.mozilla.org/mozilla-central/raw-file/tip/supply-chain/audits.toml"

[[audits.mozilla.audits.bitflags]]
who = "Jan-Erik Rediger <jrediger@mozilla.com>"
criteria = "safe-to-deploy"
delta = "2.4.0 -> 2.4.1"
notes = "Only allowing new clippy lints"
aggregated-from = "https://raw.githubusercontent.com/mozilla/glean/main/supply-chain/audits.toml"

[[audits.mozilla.audits.bitflags]]
who = [
    "Teodor Tanasoaia <ttanasoaia@mozilla.com>",
    "Erich Gubler <erichdongubler@gmail.com>",
]
criteria = "safe-to-deploy"
delta = "2.6.0 -> 2.7.0"
aggregated-from = "https://hg.mozilla.org/mozilla-central/raw-file/tip/supply-chain/audits.toml"

[[audits.mozilla.audits.bitflags]]
who = "Benjamin VanderSloot <bvandersloot@mozilla.com>"
criteria = "safe-to-deploy"
delta = "2.9.4 -> 2.10.0"
aggregated-from = "https://hg.mozilla.org/mozilla-central/raw-file/tip/supply-chain/audits.toml"

[[audits.mozilla.audits.document-features]]
who = "Erich Gubler <erichdongubler@gmail.com>"
criteria = "safe-to-deploy"
version = "0.2.8"
aggregated-from = "https://hg.mozilla.org/mozilla-central/raw-file/tip/supply-chain/audits.toml"

[[audits.mozilla.audits.document-features]]
who = "Erich Gubler <erichdongubler@gmail.com>"
criteria = "safe-to-deploy"
delta = "0.2.8 -> 0.2.9"
aggregated-from = "https://hg.mozilla.org/mozilla-central/raw-file/tip/supply-chain/audits.toml"

[[audits.mozilla.audits.document-features]]
who = "Erich Gubler <erichdongubler@gmail.com>"
criteria = "safe-to-deploy"
delta = "0.2.9 -> 0.2.10"
aggregated-from = "https://hg.mozilla.org/mozilla-central/raw-file/tip/supply-chain/audits.toml"

[[audits.mozilla.audits.document-features]]
who = "Teodor Tanasoaia <ttanasoaia@mozilla.com>"
criteria = "safe-to-deploy"
delta = "0.2.10 -> 0.2.11"
aggregated-from = "https://hg.mozilla.org/mozilla-central/raw-file/tip/supply-chain/audits.toml"

[[audits.mozilla.audits.errno]]
who = "Mike Hommey <mh+mozilla@glandium.org>"
criteria = "safe-to-deploy"
delta = "0.3.1 -> 0.3.3"
aggregated-from = "https://hg.mozilla.org/mozilla-central/raw-file/tip/supply-chain/audits.toml"

[[audits.mozilla.audits.fastrand]]
who = "Mike Hommey <mh+mozilla@glandium.org>"
criteria = "safe-to-deploy"
delta = "1.9.0 -> 2.0.0"
aggregated-from = "https://hg.mozilla.org/mozilla-central/raw-file/tip/supply-chain/audits.toml"

[[audits.mozilla.audits.fastrand]]
who = "Mike Hommey <mh+mozilla@glandium.org>"
criteria = "safe-to-deploy"
delta = "2.0.1 -> 2.1.0"
aggregated-from = "https://hg.mozilla.org/mozilla-central/raw-file/tip/supply-chain/audits.toml"

[[audits.mozilla.audits.getrandom]]
who = "Chris Martin <cmartin@mozilla.com>"
criteria = "safe-to-deploy"
delta = "0.2.15 -> 0.3.1"
notes = """
I've looked over all unsafe code, and it appears to be safe, fully initializing the rng buffers.
In addition, I've checked Linux, Windows, Mac, and Android more thoroughly against API
documentation.
"""
aggregated-from = "https://hg.mozilla.org/mozilla-central/raw-file/tip/supply-chain/audits.toml"

[[audits.mozilla.audits.getrandom]]
who = "Emilio Cobos Álvarez <emilio@crisal.io>"
criteria = "safe-to-deploy"
delta = "0.3.1 -> 0.3.3"
notes = """
Biggest non-trivial change is a new UEFI back-end, which looks reasonable to
the best of my ability: There's some trickiness on initialization but doesn't
look unsafe, at worse it leaks, and it might not if the relevant pointers are
static/non-owning. Other changes also look reasonable too: some tweaks to
inlining and a syscall-based linux back-end, whose relevant unsafe code looks
reasonable.
"""
aggregated-from = "https://hg.mozilla.org/mozilla-central/raw-file/tip/supply-chain/audits.toml"

[[audits.mozilla.audits.indexmap]]
who = "Erich Gubler <erichdongubler@gmail.com>"
criteria = "safe-to-deploy"
delta = "2.8.0 -> 2.11.4"
aggregated-from = "https://hg.mozilla.org/mozilla-central/raw-file/tip/supply-chain/audits.toml"

[[audits.mozilla.audits.litrs]]
who = "Erich Gubler <erichdongubler@gmail.com>"
criteria = "safe-to-deploy"
version = "0.4.1"
aggregated-from = "https://hg.mozilla.org/mozilla-central/raw-file/tip/supply-chain/audits.toml"

[[audits.mozilla.audits.log]]
who = "Erich Gubler <erichdongubler@gmail.com>"
criteria = "safe-to-deploy"
delta = "0.4.26 -> 0.4.29"
aggregated-from = "https://hg.mozilla.org/mozilla-central/raw-file/tip/supply-chain/audits.toml"

[[audits.mozilla.audits.once_cell]]
who = "Mike Hommey <mh+mozilla@glandium.org>"
criteria = "safe-to-deploy"
delta = "1.12.0 -> 1.13.1"
aggregated-from = "https://hg.mozilla.org/mozilla-central/raw-file/tip/supply-chain/audits.toml"

[[audits.mozilla.audits.once_cell]]
who = "Mike Hommey <mh+mozilla@glandium.org>"
criteria = "safe-to-deploy"
delta = "1.13.1 -> 1.16.0"
aggregated-from = "https://hg.mozilla.org/mozilla-central/raw-file/tip/supply-chain/audits.toml"

[[audits.mozilla.audits.once_cell]]
who = "Mike Hommey <mh+mozilla@glandium.org>"
criteria = "safe-to-deploy"
delta = "1.16.0 -> 1.17.1"
aggregated-from = "https://hg.mozilla.org/mozilla-central/raw-file/tip/supply-chain/audits.toml"

[[audits.mozilla.audits.once_cell]]
who = "Erich Gubler <erichdongubler@gmail.com>"
criteria = "safe-to-deploy"
delta = "1.20.1 -> 1.20.2"
notes = "This update works around a Cargo bug that forces the addition of `portable-atomic` into a lockfile, which we have never needed to use."
aggregated-from = "https://hg.mozilla.org/mozilla-central/raw-file/tip/supply-chain/audits.toml"

[[audits.mozilla.audits.once_cell]]
who = "Erich Gubler <erichdongubler@gmail.com>"
criteria = "safe-to-deploy"
delta = "1.20.2 -> 1.20.3"
aggregated-from = "https://hg.mozilla.org/mozilla-central/raw-file/tip/supply-chain/audits.toml"

[[audits.mozilla.audits.once_cell]]
who = "Erich Gubler <erichdongubler@gmail.com>"
criteria = "safe-to-deploy"
delta = "1.20.3 -> 1.21.1"
aggregated-from = "https://hg.mozilla.org/mozilla-central/raw-file/tip/supply-chain/audits.toml"

[[audits.mozilla.audits.pin-project-lite]]
who = "Nika Layzell <nika@thelayzells.com>"
criteria = "safe-to-deploy"
delta = "0.2.14 -> 0.2.16"
notes = """
Only functional change is to work around a bug in the negative_impls feature
(https://github.com/taiki-e/pin-project/issues/340#issuecomment-2432146009)
"""
aggregated-from = "https://raw.githubusercontent.com/mozilla/cargo-vet/main/supply-chain/audits.toml"

[[audits.mozilla.audits.serde]]
who = "Erich Gubler <erichdongubler@gmail.com>"
criteria = "safe-to-deploy"
delta = "1.0.226 -> 1.0.227"
aggregated-from = "https://hg.mozilla.org/mozilla-central/raw-file/tip/supply-chain/audits.toml"

[[audits.mozilla.audits.serde]]
who = "Jan-Erik Rediger <jrediger@mozilla.com>"
criteria = "safe-to-deploy"
delta = "1.0.227 -> 1.0.228"
aggregated-from = "https://raw.githubusercontent.com/mozilla/glean/main/supply-chain/audits.toml"

[[audits.mozilla.audits.serde_core]]
who = "Erich Gubler <erichdongubler@gmail.com>"
criteria = "safe-to-deploy"
delta = "1.0.226 -> 1.0.227"
aggregated-from = "https://hg.mozilla.org/mozilla-central/raw-file/tip/supply-chain/audits.toml"

[[audits.mozilla.audits.serde_core]]
who = "Jan-Erik Rediger <jrediger@mozilla.com>"
criteria = "safe-to-deploy"
delta = "1.0.227 -> 1.0.228"
aggregated-from = "https://raw.githubusercontent.com/mozilla/glean/main/supply-chain/audits.toml"

[[audits.mozilla.audits.serde_derive]]
who = "Erich Gubler <erichdongubler@gmail.com>"
criteria = "safe-to-deploy"
delta = "1.0.226 -> 1.0.227"
aggregated-from = "https://hg.mozilla.org/mozilla-central/raw-file/tip/supply-chain/audits.toml"

[[audits.mozilla.audits.serde_derive]]
who = "Jan-Erik Rediger <jrediger@mozilla.com>"
criteria = "safe-to-deploy"
delta = "1.0.227 -> 1.0.228"
aggregated-from = "https://raw.githubusercontent.com/mozilla/glean/main/supply-chain/audits.toml"

[[audits.mozilla.audits.smallvec]]
who = "Erich Gubler <erichdongubler@gmail.com>"
criteria = "safe-to-deploy"
delta = "1.14.0 -> 1.15.1"
aggregated-from = "https://hg.mozilla.org/mozilla-central/raw-file/tip/supply-chain/audits.toml"

[[audits.mozilla.audits.windows-link]]
who = "Mark Hammond <mhammond@skippinet.com.au>"
criteria = "safe-to-deploy"
version = "0.1.1"
notes = "A microsoft crate allowing unsafe calls to windows apis."
aggregated-from = "https://hg.mozilla.org/mozilla-central/raw-file/tip/supply-chain/audits.toml"

[[audits.mozilla.audits.windows-link]]
who = "Erich Gubler <erichdongubler@gmail.com>"
criteria = "safe-to-deploy"
delta = "0.1.1 -> 0.2.0"
aggregated-from = "https://hg.mozilla.org/mozilla-central/raw-file/tip/supply-chain/audits.toml"

[[audits.zcash.audits.arrayref]]
who = "Daira-Emma Hopwood <daira@jacaranda.org>"
criteria = "safe-to-deploy"
delta = "0.3.6 -> 0.3.8"
aggregated-from = "https://raw.githubusercontent.com/zcash/zcash/master/qa/supply-chain/audits.toml"

[[audits.zcash.audits.arrayref]]
who = "Jack Grigg <jack@electriccoin.co>"
criteria = "safe-to-deploy"
delta = "0.3.8 -> 0.3.9"
notes = "Changes to `unsafe` lines are to make some existing `unsafe fn`s `const`."
aggregated-from = "https://raw.githubusercontent.com/zcash/zcash/master/qa/supply-chain/audits.toml"

[[audits.zcash.audits.blake2b_simd]]
who = "Jack Grigg <jack@z.cash>"
criteria = "safe-to-deploy"
delta = "1.0.0 -> 1.0.1"
notes = "Switches to `constant_time_eq 0.2.4`, which bumps its MSRV to 1.59."
aggregated-from = "https://raw.githubusercontent.com/zcash/zcash/master/qa/supply-chain/audits.toml"

[[audits.zcash.audits.blake2b_simd]]
who = "Jack Grigg <jack@electriccoin.co>"
criteria = "safe-to-deploy"
delta = "1.0.1 -> 1.0.2"
notes = "Switches to `constant_time_eq 0.3.0`, which bumps its MSRV to 1.66."
aggregated-from = "https://raw.githubusercontent.com/zcash/zcash/master/qa/supply-chain/audits.toml"

[[audits.zcash.audits.constant_time_eq]]
who = "Jack Grigg <jack@electriccoin.co>"
criteria = "safe-to-deploy"
delta = "0.2.4 -> 0.2.5"
notes = "No code changes."
aggregated-from = "https://raw.githubusercontent.com/zcash/zcash/master/qa/supply-chain/audits.toml"

[[audits.zcash.audits.constant_time_eq]]
who = "Jack Grigg <jack@electriccoin.co>"
criteria = "safe-to-deploy"
delta = "0.2.5 -> 0.2.6"
aggregated-from = "https://raw.githubusercontent.com/zcash/zcash/master/qa/supply-chain/audits.toml"

[[audits.zcash.audits.constant_time_eq]]
who = "Jack Grigg <jack@electriccoin.co>"
criteria = "safe-to-deploy"
delta = "0.2.6 -> 0.3.0"
notes = "Replaces some `unsafe` code by bumping MSRV to 1.66 (to access `core::hint::black_box`)."
aggregated-from = "https://raw.githubusercontent.com/zcash/zcash/master/qa/supply-chain/audits.toml"

[[audits.zcash.audits.constant_time_eq]]
who = "Jack Grigg <jack@electriccoin.co>"
criteria = "safe-to-deploy"
delta = "0.3.0 -> 0.3.1"
aggregated-from = "https://raw.githubusercontent.com/zcash/zcash/master/qa/supply-chain/audits.toml"

[[audits.zcash.audits.document-features]]
who = "Jack Grigg <jack@electriccoin.co>"
criteria = "safe-to-deploy"
delta = "0.2.11 -> 0.2.12"
aggregated-from = "https://raw.githubusercontent.com/zcash/wallet/main/supply-chain/audits.toml"

[[audits.zcash.audits.errno]]
who = "Jack Grigg <jack@electriccoin.co>"
criteria = "safe-to-deploy"
delta = "0.3.3 -> 0.3.8"
aggregated-from = "https://raw.githubusercontent.com/zcash/zcash/master/qa/supply-chain/audits.toml"

[[audits.zcash.audits.errno]]
who = "Daira-Emma Hopwood <daira@jacaranda.org>"
criteria = "safe-to-deploy"
delta = "0.3.8 -> 0.3.9"
aggregated-from = "https://raw.githubusercontent.com/zcash/librustzcash/main/supply-chain/audits.toml"

[[audits.zcash.audits.errno]]
who = "Jack Grigg <jack@electriccoin.co>"
criteria = "safe-to-deploy"
delta = "0.3.10 -> 0.3.11"
notes = "The `__errno` location for vxworks and cygwin looks correct from a quick search."
aggregated-from = "https://raw.githubusercontent.com/zcash/wallet/main/supply-chain/audits.toml"

[[audits.zcash.audits.errno]]
who = "Jack Grigg <jack@electriccoin.co>"
criteria = "safe-to-deploy"
delta = "0.3.11 -> 0.3.13"
aggregated-from = "https://raw.githubusercontent.com/zcash/zcash/master/qa/supply-chain/audits.toml"

[[audits.zcash.audits.errno]]
who = "Jack Grigg <jack@electriccoin.co>"
criteria = "safe-to-deploy"
delta = "0.3.13 -> 0.3.14"
aggregated-from = "https://raw.githubusercontent.com/zcash/librustzcash/main/supply-chain/audits.toml"

[[audits.zcash.audits.fastrand]]
who = "Jack Grigg <jack@electriccoin.co>"
criteria = "safe-to-deploy"
delta = "2.1.0 -> 2.1.1"
aggregated-from = "https://raw.githubusercontent.com/zcash/zcash/master/qa/supply-chain/audits.toml"

[[audits.zcash.audits.wasi]]
who = "Jack Grigg <jack@electriccoin.co>"
criteria = "safe-to-deploy"
delta = "0.11.0+wasi-snapshot-preview1 -> 0.11.1+wasi-snapshot-preview1"
aggregated-from = "https://raw.githubusercontent.com/zcash/wallet/main/supply-chain/audits.toml"

[[audits.zcash.audits.windows-link]]
who = "Jack Grigg <jack@electriccoin.co>"
criteria = "safe-to-deploy"
delta = "0.2.0 -> 0.2.1"
notes = "No code changes at all."
aggregated-from = "https://raw.githubusercontent.com/zcash/librustzcash/main/supply-chain/audits.toml"
